// !$*UTF8*$!
{
	archiveVersion = 1;
	classes = {
	};
	objectVersion = 50;
	objects = {

/* Begin PBXBuildFile section */
		E82B2B1523DF31DF001AF680 /* DBAImageView.swift in Sources */ = {isa = PBXBuildFile; fileRef = E82B2B1423DF31DF001AF680 /* DBAImageView.swift */; };
		E82B2B1723DF36EE001AF680 /* UIImageView+Utils.swift in Sources */ = {isa = PBXBuildFile; fileRef = E82B2B1623DF36EE001AF680 /* UIImageView+Utils.swift */; };
		E82B2B1A23DF3766001AF680 /* DataFetch.swift in Sources */ = {isa = PBXBuildFile; fileRef = E82B2B1923DF3766001AF680 /* DataFetch.swift */; };
		E82B2B1C23DF7000001AF680 /* IntradayViewController.swift in Sources */ = {isa = PBXBuildFile; fileRef = E82B2B1B23DF7000001AF680 /* IntradayViewController.swift */; };
		E82B2B2023DF7362001AF680 /* IntradayTableViewCell.swift in Sources */ = {isa = PBXBuildFile; fileRef = E82B2B1F23DF7362001AF680 /* IntradayTableViewCell.swift */; };
		E82B2B2223E02B10001AF680 /* NetworkService.swift in Sources */ = {isa = PBXBuildFile; fileRef = E82B2B2123E02B10001AF680 /* NetworkService.swift */; };
		E82B2B2423E03474001AF680 /* UrlBuilder.swift in Sources */ = {isa = PBXBuildFile; fileRef = E82B2B2323E03474001AF680 /* UrlBuilder.swift */; };
		E82B2B2623E04030001AF680 /* TimeIntervals.swift in Sources */ = {isa = PBXBuildFile; fileRef = E82B2B2523E0402F001AF680 /* TimeIntervals.swift */; };
		E82B2B2723E04378001AF680 /* TimeIntervals.swift in Sources */ = {isa = PBXBuildFile; fileRef = E82B2B2523E0402F001AF680 /* TimeIntervals.swift */; };
		E82B2B2B23E061DB001AF680 /* TimeSerisValues.swift in Sources */ = {isa = PBXBuildFile; fileRef = E82B2B2A23E061DB001AF680 /* TimeSerisValues.swift */; };
		E82B2B2D23E06C68001AF680 /* TimeSeriesDataSource.swift in Sources */ = {isa = PBXBuildFile; fileRef = E82B2B2C23E06C68001AF680 /* TimeSeriesDataSource.swift */; };
		E82B2B2F23E09448001AF680 /* DataParser.swift in Sources */ = {isa = PBXBuildFile; fileRef = E82B2B2E23E09448001AF680 /* DataParser.swift */; };
		E82B2B3023E17E5A001AF680 /* Strings.swift in Sources */ = {isa = PBXBuildFile; fileRef = E8C2CF3C23DE188400301EE1 /* Strings.swift */; };
		E82B2B3123E17E5D001AF680 /* Values.swift in Sources */ = {isa = PBXBuildFile; fileRef = E8C2CF3E23DE1AA300301EE1 /* Values.swift */; };
		E82B2B3323E18DC5001AF680 /* String+Utils.swift in Sources */ = {isa = PBXBuildFile; fileRef = E82B2B3223E18DC5001AF680 /* String+Utils.swift */; };
		E82B2B3623E19213001AF680 /* TimeSeriesData.swift in Sources */ = {isa = PBXBuildFile; fileRef = E82B2B3523E19212001AF680 /* TimeSeriesData.swift */; };
		E82B2B3823E197B5001AF680 /* DBAButton.swift in Sources */ = {isa = PBXBuildFile; fileRef = E82B2B3723E197B5001AF680 /* DBAButton.swift */; };
		E82B2B3C23E1C9E2001AF680 /* DBASegmentControl.swift in Sources */ = {isa = PBXBuildFile; fileRef = E82B2B3B23E1C9E2001AF680 /* DBASegmentControl.swift */; };
		E82B2B3E23E1D86E001AF680 /* LoadingViewController.swift in Sources */ = {isa = PBXBuildFile; fileRef = E82B2B3D23E1D86E001AF680 /* LoadingViewController.swift */; };
		E82B2B4023E1D9AC001AF680 /* UIViewController+Utils.swift in Sources */ = {isa = PBXBuildFile; fileRef = E82B2B3F23E1D9AC001AF680 /* UIViewController+Utils.swift */; };
		E82B2B4223E1F25A001AF680 /* ImageCache.swift in Sources */ = {isa = PBXBuildFile; fileRef = E82B2B4123E1F25A001AF680 /* ImageCache.swift */; };
		E85118512407E6900026EB89 /* IntradayItemInfoView.swift in Sources */ = {isa = PBXBuildFile; fileRef = E85118502407E6900026EB89 /* IntradayItemInfoView.swift */; };
		E85118532407EA670026EB89 /* UICollectionView+Config.swift in Sources */ = {isa = PBXBuildFile; fileRef = E85118522407EA670026EB89 /* UICollectionView+Config.swift */; };
		E85118552407EAFD0026EB89 /* UICollectionViewCell+Config.swift in Sources */ = {isa = PBXBuildFile; fileRef = E85118542407EAFD0026EB89 /* UICollectionViewCell+Config.swift */; };
		E85118572407EB780026EB89 /* UITableView+Config.swift in Sources */ = {isa = PBXBuildFile; fileRef = E85118562407EB780026EB89 /* UITableView+Config.swift */; };
		E85118592407EBF20026EB89 /* UILabel+Config.swift in Sources */ = {isa = PBXBuildFile; fileRef = E85118582407EBF20026EB89 /* UILabel+Config.swift */; };
		E851185B2407EDBC0026EB89 /* UISegment+Config.swift in Sources */ = {isa = PBXBuildFile; fileRef = E851185A2407EDBC0026EB89 /* UISegment+Config.swift */; };
		E851185D2407FB380026EB89 /* UIImage+Config.swift in Sources */ = {isa = PBXBuildFile; fileRef = E851185C2407FB380026EB89 /* UIImage+Config.swift */; };
		E851185F2407FCBA0026EB89 /* Colors.swift in Sources */ = {isa = PBXBuildFile; fileRef = E851185E2407FCBA0026EB89 /* Colors.swift */; };
		E8579AF4240BA3FE00DD2606 /* BanksListViewController.swift in Sources */ = {isa = PBXBuildFile; fileRef = E8579AF3240BA3FE00DD2606 /* BanksListViewController.swift */; };
		E8579AF7240BA4F700DD2606 /* BanksListViewModel.swift in Sources */ = {isa = PBXBuildFile; fileRef = E8579AF6240BA4F700DD2606 /* BanksListViewModel.swift */; };
		E8A32F3824263BE500740E33 /* OBFirstViewController.swift in Sources */ = {isa = PBXBuildFile; fileRef = E8A32F3724263BE500740E33 /* OBFirstViewController.swift */; };
		E8A32F4024263FB200740E33 /* DiscontBankAppUITests.swift in Sources */ = {isa = PBXBuildFile; fileRef = E8A32F3F24263FB200740E33 /* DiscontBankAppUITests.swift */; };
		E8A32F48242679B700740E33 /* OBSecondViewController.swift in Sources */ = {isa = PBXBuildFile; fileRef = E8A32F47242679B700740E33 /* OBSecondViewController.swift */; };
		E8A32F4A24267A5F00740E33 /* SettingsViewController.swift in Sources */ = {isa = PBXBuildFile; fileRef = E8A32F4924267A5F00740E33 /* SettingsViewController.swift */; };
		E8A32F4C24267BA100740E33 /* MainSelectionViewController.swift in Sources */ = {isa = PBXBuildFile; fileRef = E8A32F4B24267BA100740E33 /* MainSelectionViewController.swift */; };
		E8A32F4E2426994D00740E33 /* UserDefaults.swift in Sources */ = {isa = PBXBuildFile; fileRef = E8A32F4D2426994D00740E33 /* UserDefaults.swift */; };
		E8A32F502426A31400740E33 /* OnboardingFlowController.swift in Sources */ = {isa = PBXBuildFile; fileRef = E8A32F4F2426A31400740E33 /* OnboardingFlowController.swift */; };
		E8A32F5224274D5800740E33 /* RootForNavViewController.swift in Sources */ = {isa = PBXBuildFile; fileRef = E8A32F5124274D5800740E33 /* RootForNavViewController.swift */; };
		E8A32F5424276AA800740E33 /* BanksListFlowController.swift in Sources */ = {isa = PBXBuildFile; fileRef = E8A32F5324276AA800740E33 /* BanksListFlowController.swift */; };
		E8B38B4023DEFBC6009B7E7E /* Bundle+Utils.swift in Sources */ = {isa = PBXBuildFile; fileRef = E8B38B3F23DEFBC6009B7E7E /* Bundle+Utils.swift */; };
		E8C1568B23DEE4FA004C6DDB /* JsonParser.swift in Sources */ = {isa = PBXBuildFile; fileRef = E8C1568A23DEE4FA004C6DDB /* JsonParser.swift */; };
		E8C1568E23DEE77A004C6DDB /* UIconfig.swift in Sources */ = {isa = PBXBuildFile; fileRef = E8C1568D23DEE77A004C6DDB /* UIconfig.swift */; };
		E8C1569023DEEEE6004C6DDB /* DBAErrror.swift in Sources */ = {isa = PBXBuildFile; fileRef = E8C1568F23DEEEE5004C6DDB /* DBAErrror.swift */; };
		E8C1569623DEF340004C6DDB /* banks.json in Resources */ = {isa = PBXBuildFile; fileRef = E8C1569523DEF340004C6DDB /* banks.json */; };
		E8C2CF0923DDF30200301EE1 /* AppDelegate.swift in Sources */ = {isa = PBXBuildFile; fileRef = E8C2CF0823DDF30200301EE1 /* AppDelegate.swift */; };
		E8C2CF0B23DDF30200301EE1 /* SceneDelegate.swift in Sources */ = {isa = PBXBuildFile; fileRef = E8C2CF0A23DDF30200301EE1 /* SceneDelegate.swift */; };
		E8C2CF1323DDF30200301EE1 /* DiscontBankApp.xcdatamodeld in Sources */ = {isa = PBXBuildFile; fileRef = E8C2CF1123DDF30200301EE1 /* DiscontBankApp.xcdatamodeld */; };
		E8C2CF1523DDF30500301EE1 /* Assets.xcassets in Resources */ = {isa = PBXBuildFile; fileRef = E8C2CF1423DDF30500301EE1 /* Assets.xcassets */; };
		E8C2CF1823DDF30500301EE1 /* LaunchScreen.storyboard in Resources */ = {isa = PBXBuildFile; fileRef = E8C2CF1623DDF30500301EE1 /* LaunchScreen.storyboard */; };
		E8C2CF2323DDF30500301EE1 /* DiscontBankAppTests.swift in Sources */ = {isa = PBXBuildFile; fileRef = E8C2CF2223DDF30500301EE1 /* DiscontBankAppTests.swift */; };
		E8C2CF2E23DDF3F500301EE1 /* Bank.swift in Sources */ = {isa = PBXBuildFile; fileRef = E8C2CF2D23DDF3F500301EE1 /* Bank.swift */; };
		E8C2CF3A23DE184200301EE1 /* DBALabel.swift in Sources */ = {isa = PBXBuildFile; fileRef = E8C2CF3923DE184200301EE1 /* DBALabel.swift */; };
		E8C2CF3D23DE188400301EE1 /* Strings.swift in Sources */ = {isa = PBXBuildFile; fileRef = E8C2CF3C23DE188400301EE1 /* Strings.swift */; };
		E8C2CF3F23DE1AA300301EE1 /* Values.swift in Sources */ = {isa = PBXBuildFile; fileRef = E8C2CF3E23DE1AA300301EE1 /* Values.swift */; };
		E8C2CF4123DE231100301EE1 /* BankCollectionViewCell.swift in Sources */ = {isa = PBXBuildFile; fileRef = E8C2CF4023DE231100301EE1 /* BankCollectionViewCell.swift */; };
		E8C70247240C605300518438 /* BankViewModel.swift in Sources */ = {isa = PBXBuildFile; fileRef = E8C70246240C605300518438 /* BankViewModel.swift */; };
		E8C70249240C622400518438 /* BankViewModelTests.swift in Sources */ = {isa = PBXBuildFile; fileRef = E8C70248240C622400518438 /* BankViewModelTests.swift */; };
		E8C7024B240C668F00518438 /* TimeInrevalsTests.swift in Sources */ = {isa = PBXBuildFile; fileRef = E8C7024A240C668F00518438 /* TimeInrevalsTests.swift */; };
		E8CF1D0F2429F0BE004B9E1B /* SettingsFlowController.swift in Sources */ = {isa = PBXBuildFile; fileRef = E8CF1D0E2429F0BE004B9E1B /* SettingsFlowController.swift */; };
		E8CF1D11242A1AF1004B9E1B /* FlowCoordinatorProtocol.swift in Sources */ = {isa = PBXBuildFile; fileRef = E8CF1D10242A1AF1004B9E1B /* FlowCoordinatorProtocol.swift */; };
		E8E5014F2424D368003761CC /* MainFlowController.swift in Sources */ = {isa = PBXBuildFile; fileRef = E8E5014E2424D368003761CC /* MainFlowController.swift */; };
/* End PBXBuildFile section */

/* Begin PBXContainerItemProxy section */
		E8A32F4224263FB200740E33 /* PBXContainerItemProxy */ = {
			isa = PBXContainerItemProxy;
			containerPortal = E8C2CEFD23DDF30200301EE1 /* Project object */;
			proxyType = 1;
			remoteGlobalIDString = E8C2CF0423DDF30200301EE1;
			remoteInfo = DiscontBankApp;
		};
		E8C2CF1F23DDF30500301EE1 /* PBXContainerItemProxy */ = {
			isa = PBXContainerItemProxy;
			containerPortal = E8C2CEFD23DDF30200301EE1 /* Project object */;
			proxyType = 1;
			remoteGlobalIDString = E8C2CF0423DDF30200301EE1;
			remoteInfo = DiscontBankApp;
		};
/* End PBXContainerItemProxy section */

/* Begin PBXFileReference section */
		E82B2B1423DF31DF001AF680 /* DBAImageView.swift */ = {isa = PBXFileReference; lastKnownFileType = sourcecode.swift; path = DBAImageView.swift; sourceTree = "<group>"; };
		E82B2B1623DF36EE001AF680 /* UIImageView+Utils.swift */ = {isa = PBXFileReference; lastKnownFileType = sourcecode.swift; path = "UIImageView+Utils.swift"; sourceTree = "<group>"; };
		E82B2B1923DF3766001AF680 /* DataFetch.swift */ = {isa = PBXFileReference; lastKnownFileType = sourcecode.swift; path = DataFetch.swift; sourceTree = "<group>"; };
		E82B2B1B23DF7000001AF680 /* IntradayViewController.swift */ = {isa = PBXFileReference; lastKnownFileType = sourcecode.swift; path = IntradayViewController.swift; sourceTree = "<group>"; };
		E82B2B1F23DF7362001AF680 /* IntradayTableViewCell.swift */ = {isa = PBXFileReference; lastKnownFileType = sourcecode.swift; path = IntradayTableViewCell.swift; sourceTree = "<group>"; };
		E82B2B2123E02B10001AF680 /* NetworkService.swift */ = {isa = PBXFileReference; lastKnownFileType = sourcecode.swift; path = NetworkService.swift; sourceTree = "<group>"; };
		E82B2B2323E03474001AF680 /* UrlBuilder.swift */ = {isa = PBXFileReference; lastKnownFileType = sourcecode.swift; path = UrlBuilder.swift; sourceTree = "<group>"; };
		E82B2B2523E0402F001AF680 /* TimeIntervals.swift */ = {isa = PBXFileReference; lastKnownFileType = sourcecode.swift; path = TimeIntervals.swift; sourceTree = "<group>"; };
		E82B2B2A23E061DB001AF680 /* TimeSerisValues.swift */ = {isa = PBXFileReference; lastKnownFileType = sourcecode.swift; path = TimeSerisValues.swift; sourceTree = "<group>"; };
		E82B2B2C23E06C68001AF680 /* TimeSeriesDataSource.swift */ = {isa = PBXFileReference; lastKnownFileType = sourcecode.swift; path = TimeSeriesDataSource.swift; sourceTree = "<group>"; };
		E82B2B2E23E09448001AF680 /* DataParser.swift */ = {isa = PBXFileReference; lastKnownFileType = sourcecode.swift; path = DataParser.swift; sourceTree = "<group>"; };
		E82B2B3223E18DC5001AF680 /* String+Utils.swift */ = {isa = PBXFileReference; lastKnownFileType = sourcecode.swift; path = "String+Utils.swift"; sourceTree = "<group>"; };
		E82B2B3523E19212001AF680 /* TimeSeriesData.swift */ = {isa = PBXFileReference; lastKnownFileType = sourcecode.swift; path = TimeSeriesData.swift; sourceTree = "<group>"; };
		E82B2B3723E197B5001AF680 /* DBAButton.swift */ = {isa = PBXFileReference; lastKnownFileType = sourcecode.swift; path = DBAButton.swift; sourceTree = "<group>"; };
		E82B2B3B23E1C9E2001AF680 /* DBASegmentControl.swift */ = {isa = PBXFileReference; lastKnownFileType = sourcecode.swift; path = DBASegmentControl.swift; sourceTree = "<group>"; };
		E82B2B3D23E1D86E001AF680 /* LoadingViewController.swift */ = {isa = PBXFileReference; lastKnownFileType = sourcecode.swift; path = LoadingViewController.swift; sourceTree = "<group>"; };
		E82B2B3F23E1D9AC001AF680 /* UIViewController+Utils.swift */ = {isa = PBXFileReference; lastKnownFileType = sourcecode.swift; path = "UIViewController+Utils.swift"; sourceTree = "<group>"; };
		E82B2B4123E1F25A001AF680 /* ImageCache.swift */ = {isa = PBXFileReference; lastKnownFileType = sourcecode.swift; path = ImageCache.swift; sourceTree = "<group>"; };
		E85118502407E6900026EB89 /* IntradayItemInfoView.swift */ = {isa = PBXFileReference; lastKnownFileType = sourcecode.swift; path = IntradayItemInfoView.swift; sourceTree = "<group>"; };
		E85118522407EA670026EB89 /* UICollectionView+Config.swift */ = {isa = PBXFileReference; lastKnownFileType = sourcecode.swift; path = "UICollectionView+Config.swift"; sourceTree = "<group>"; };
		E85118542407EAFD0026EB89 /* UICollectionViewCell+Config.swift */ = {isa = PBXFileReference; lastKnownFileType = sourcecode.swift; path = "UICollectionViewCell+Config.swift"; sourceTree = "<group>"; };
		E85118562407EB780026EB89 /* UITableView+Config.swift */ = {isa = PBXFileReference; lastKnownFileType = sourcecode.swift; path = "UITableView+Config.swift"; sourceTree = "<group>"; };
		E85118582407EBF20026EB89 /* UILabel+Config.swift */ = {isa = PBXFileReference; lastKnownFileType = sourcecode.swift; path = "UILabel+Config.swift"; sourceTree = "<group>"; };
		E851185A2407EDBC0026EB89 /* UISegment+Config.swift */ = {isa = PBXFileReference; lastKnownFileType = sourcecode.swift; path = "UISegment+Config.swift"; sourceTree = "<group>"; };
		E851185C2407FB380026EB89 /* UIImage+Config.swift */ = {isa = PBXFileReference; lastKnownFileType = sourcecode.swift; path = "UIImage+Config.swift"; sourceTree = "<group>"; };
		E851185E2407FCBA0026EB89 /* Colors.swift */ = {isa = PBXFileReference; lastKnownFileType = sourcecode.swift; path = Colors.swift; sourceTree = "<group>"; };
		E8579AF3240BA3FE00DD2606 /* BanksListViewController.swift */ = {isa = PBXFileReference; lastKnownFileType = sourcecode.swift; path = BanksListViewController.swift; sourceTree = "<group>"; };
		E8579AF6240BA4F700DD2606 /* BanksListViewModel.swift */ = {isa = PBXFileReference; lastKnownFileType = sourcecode.swift; path = BanksListViewModel.swift; sourceTree = "<group>"; };
		E8A32F3724263BE500740E33 /* OBFirstViewController.swift */ = {isa = PBXFileReference; lastKnownFileType = sourcecode.swift; path = OBFirstViewController.swift; sourceTree = "<group>"; };
		E8A32F3D24263FB200740E33 /* DiscontBankAppUITests.xctest */ = {isa = PBXFileReference; explicitFileType = wrapper.cfbundle; includeInIndex = 0; path = DiscontBankAppUITests.xctest; sourceTree = BUILT_PRODUCTS_DIR; };
		E8A32F3F24263FB200740E33 /* DiscontBankAppUITests.swift */ = {isa = PBXFileReference; lastKnownFileType = sourcecode.swift; path = DiscontBankAppUITests.swift; sourceTree = "<group>"; };
		E8A32F4124263FB200740E33 /* Info.plist */ = {isa = PBXFileReference; lastKnownFileType = text.plist.xml; path = Info.plist; sourceTree = "<group>"; };
		E8A32F47242679B700740E33 /* OBSecondViewController.swift */ = {isa = PBXFileReference; lastKnownFileType = sourcecode.swift; path = OBSecondViewController.swift; sourceTree = "<group>"; };
		E8A32F4924267A5F00740E33 /* SettingsViewController.swift */ = {isa = PBXFileReference; lastKnownFileType = sourcecode.swift; path = SettingsViewController.swift; sourceTree = "<group>"; };
		E8A32F4B24267BA100740E33 /* MainSelectionViewController.swift */ = {isa = PBXFileReference; lastKnownFileType = sourcecode.swift; path = MainSelectionViewController.swift; sourceTree = "<group>"; };
		E8A32F4D2426994D00740E33 /* UserDefaults.swift */ = {isa = PBXFileReference; lastKnownFileType = sourcecode.swift; path = UserDefaults.swift; sourceTree = "<group>"; };
		E8A32F4F2426A31400740E33 /* OnboardingFlowController.swift */ = {isa = PBXFileReference; lastKnownFileType = sourcecode.swift; path = OnboardingFlowController.swift; sourceTree = "<group>"; };
		E8A32F5124274D5800740E33 /* RootForNavViewController.swift */ = {isa = PBXFileReference; lastKnownFileType = sourcecode.swift; path = RootForNavViewController.swift; sourceTree = "<group>"; };
		E8A32F5324276AA800740E33 /* BanksListFlowController.swift */ = {isa = PBXFileReference; lastKnownFileType = sourcecode.swift; path = BanksListFlowController.swift; sourceTree = "<group>"; };
		E8B38B3F23DEFBC6009B7E7E /* Bundle+Utils.swift */ = {isa = PBXFileReference; lastKnownFileType = sourcecode.swift; path = "Bundle+Utils.swift"; sourceTree = "<group>"; };
		E8C1568A23DEE4FA004C6DDB /* JsonParser.swift */ = {isa = PBXFileReference; lastKnownFileType = sourcecode.swift; path = JsonParser.swift; sourceTree = "<group>"; };
		E8C1568D23DEE77A004C6DDB /* UIconfig.swift */ = {isa = PBXFileReference; lastKnownFileType = sourcecode.swift; path = UIconfig.swift; sourceTree = "<group>"; };
		E8C1568F23DEEEE5004C6DDB /* DBAErrror.swift */ = {isa = PBXFileReference; lastKnownFileType = sourcecode.swift; path = DBAErrror.swift; sourceTree = "<group>"; };
		E8C1569523DEF340004C6DDB /* banks.json */ = {isa = PBXFileReference; fileEncoding = 4; lastKnownFileType = text.json; path = banks.json; sourceTree = "<group>"; };
		E8C2CF0523DDF30200301EE1 /* DiscontBankApp.app */ = {isa = PBXFileReference; explicitFileType = wrapper.application; includeInIndex = 0; path = DiscontBankApp.app; sourceTree = BUILT_PRODUCTS_DIR; };
		E8C2CF0823DDF30200301EE1 /* AppDelegate.swift */ = {isa = PBXFileReference; lastKnownFileType = sourcecode.swift; path = AppDelegate.swift; sourceTree = "<group>"; };
		E8C2CF0A23DDF30200301EE1 /* SceneDelegate.swift */ = {isa = PBXFileReference; lastKnownFileType = sourcecode.swift; path = SceneDelegate.swift; sourceTree = "<group>"; };
		E8C2CF1223DDF30200301EE1 /* DiscontBankApp.xcdatamodel */ = {isa = PBXFileReference; lastKnownFileType = wrapper.xcdatamodel; path = DiscontBankApp.xcdatamodel; sourceTree = "<group>"; };
		E8C2CF1423DDF30500301EE1 /* Assets.xcassets */ = {isa = PBXFileReference; lastKnownFileType = folder.assetcatalog; path = Assets.xcassets; sourceTree = "<group>"; };
		E8C2CF1723DDF30500301EE1 /* Base */ = {isa = PBXFileReference; lastKnownFileType = file.storyboard; name = Base; path = Base.lproj/LaunchScreen.storyboard; sourceTree = "<group>"; };
		E8C2CF1923DDF30500301EE1 /* Info.plist */ = {isa = PBXFileReference; lastKnownFileType = text.plist.xml; path = Info.plist; sourceTree = "<group>"; };
		E8C2CF1E23DDF30500301EE1 /* DiscontBankAppTests.xctest */ = {isa = PBXFileReference; explicitFileType = wrapper.cfbundle; includeInIndex = 0; path = DiscontBankAppTests.xctest; sourceTree = BUILT_PRODUCTS_DIR; };
		E8C2CF2223DDF30500301EE1 /* DiscontBankAppTests.swift */ = {isa = PBXFileReference; lastKnownFileType = sourcecode.swift; path = DiscontBankAppTests.swift; sourceTree = "<group>"; };
		E8C2CF2423DDF30500301EE1 /* Info.plist */ = {isa = PBXFileReference; lastKnownFileType = text.plist.xml; path = Info.plist; sourceTree = "<group>"; };
		E8C2CF2D23DDF3F500301EE1 /* Bank.swift */ = {isa = PBXFileReference; lastKnownFileType = sourcecode.swift; path = Bank.swift; sourceTree = "<group>"; };
		E8C2CF3923DE184200301EE1 /* DBALabel.swift */ = {isa = PBXFileReference; lastKnownFileType = sourcecode.swift; path = DBALabel.swift; sourceTree = "<group>"; };
		E8C2CF3C23DE188400301EE1 /* Strings.swift */ = {isa = PBXFileReference; lastKnownFileType = sourcecode.swift; path = Strings.swift; sourceTree = "<group>"; };
		E8C2CF3E23DE1AA300301EE1 /* Values.swift */ = {isa = PBXFileReference; lastKnownFileType = sourcecode.swift; path = Values.swift; sourceTree = "<group>"; };
		E8C2CF4023DE231100301EE1 /* BankCollectionViewCell.swift */ = {isa = PBXFileReference; lastKnownFileType = sourcecode.swift; path = BankCollectionViewCell.swift; sourceTree = "<group>"; };
		E8C70246240C605300518438 /* BankViewModel.swift */ = {isa = PBXFileReference; lastKnownFileType = sourcecode.swift; path = BankViewModel.swift; sourceTree = "<group>"; };
		E8C70248240C622400518438 /* BankViewModelTests.swift */ = {isa = PBXFileReference; lastKnownFileType = sourcecode.swift; path = BankViewModelTests.swift; sourceTree = "<group>"; };
		E8C7024A240C668F00518438 /* TimeInrevalsTests.swift */ = {isa = PBXFileReference; lastKnownFileType = sourcecode.swift; path = TimeInrevalsTests.swift; sourceTree = "<group>"; };
		E8CF1D0E2429F0BE004B9E1B /* SettingsFlowController.swift */ = {isa = PBXFileReference; lastKnownFileType = sourcecode.swift; path = SettingsFlowController.swift; sourceTree = "<group>"; };
		E8CF1D10242A1AF1004B9E1B /* FlowCoordinatorProtocol.swift */ = {isa = PBXFileReference; lastKnownFileType = sourcecode.swift; path = FlowCoordinatorProtocol.swift; sourceTree = "<group>"; };
		E8E5014E2424D368003761CC /* MainFlowController.swift */ = {isa = PBXFileReference; lastKnownFileType = sourcecode.swift; path = MainFlowController.swift; sourceTree = "<group>"; };
/* End PBXFileReference section */

/* Begin PBXFrameworksBuildPhase section */
		E8A32F3A24263FB200740E33 /* Frameworks */ = {
			isa = PBXFrameworksBuildPhase;
			buildActionMask = 2147483647;
			files = (
			);
			runOnlyForDeploymentPostprocessing = 0;
		};
		E8C2CF0223DDF30200301EE1 /* Frameworks */ = {
			isa = PBXFrameworksBuildPhase;
			buildActionMask = 2147483647;
			files = (
			);
			runOnlyForDeploymentPostprocessing = 0;
		};
		E8C2CF1B23DDF30500301EE1 /* Frameworks */ = {
			isa = PBXFrameworksBuildPhase;
			buildActionMask = 2147483647;
			files = (
			);
			runOnlyForDeploymentPostprocessing = 0;
		};
/* End PBXFrameworksBuildPhase section */

/* Begin PBXGroup section */
		E82B2B1823DF3752001AF680 /* Network */ = {
			isa = PBXGroup;
			children = (
				E82B2B1923DF3766001AF680 /* DataFetch.swift */,
				E82B2B2123E02B10001AF680 /* NetworkService.swift */,
				E82B2B2323E03474001AF680 /* UrlBuilder.swift */,
			);
			path = Network;
			sourceTree = "<group>";
		};
		E82B2B3423E191F4001AF680 /* Data */ = {
			isa = PBXGroup;
			children = (
				E82B2B3523E19212001AF680 /* TimeSeriesData.swift */,
				E82B2B4123E1F25A001AF680 /* ImageCache.swift */,
				E8A32F4D2426994D00740E33 /* UserDefaults.swift */,
			);
			path = Data;
			sourceTree = "<group>";
		};
		E8579AF5240BA4DF00DD2606 /* ViewModels */ = {
			isa = PBXGroup;
			children = (
				E8579AF6240BA4F700DD2606 /* BanksListViewModel.swift */,
				E8C70246240C605300518438 /* BankViewModel.swift */,
			);
			path = ViewModels;
			sourceTree = "<group>";
		};
		E8A32F352426397900740E33 /* OnBoarding */ = {
			isa = PBXGroup;
			children = (
				E8A32F47242679B700740E33 /* OBSecondViewController.swift */,
				E8A32F3724263BE500740E33 /* OBFirstViewController.swift */,
			);
			path = OnBoarding;
			sourceTree = "<group>";
		};
		E8A32F362426398F00740E33 /* Settings */ = {
			isa = PBXGroup;
			children = (
				E8A32F4924267A5F00740E33 /* SettingsViewController.swift */,
			);
			path = Settings;
			sourceTree = "<group>";
		};
		E8A32F3E24263FB200740E33 /* DiscontBankAppUITests */ = {
			isa = PBXGroup;
			children = (
				E8A32F3F24263FB200740E33 /* DiscontBankAppUITests.swift */,
				E8A32F4124263FB200740E33 /* Info.plist */,
			);
			path = DiscontBankAppUITests;
			sourceTree = "<group>";
		};
		E8B38B4523DF2B8E009B7E7E /* DataSourse */ = {
			isa = PBXGroup;
			children = (
				E82B2B2C23E06C68001AF680 /* TimeSeriesDataSource.swift */,
			);
			path = DataSourse;
			sourceTree = "<group>";
		};
		E8C1568923DEE4DE004C6DDB /* Parsing */ = {
			isa = PBXGroup;
			children = (
				E8C1568A23DEE4FA004C6DDB /* JsonParser.swift */,
				E82B2B2E23E09448001AF680 /* DataParser.swift */,
			);
			path = Parsing;
			sourceTree = "<group>";
		};
		E8C1568C23DEE75D004C6DDB /* Utils */ = {
			isa = PBXGroup;
			children = (
				E8C1568D23DEE77A004C6DDB /* UIconfig.swift */,
				E8C1568F23DEEEE5004C6DDB /* DBAErrror.swift */,
				E8B38B3F23DEFBC6009B7E7E /* Bundle+Utils.swift */,
				E82B2B1623DF36EE001AF680 /* UIImageView+Utils.swift */,
				E82B2B3223E18DC5001AF680 /* String+Utils.swift */,
				E82B2B3F23E1D9AC001AF680 /* UIViewController+Utils.swift */,
				E85118522407EA670026EB89 /* UICollectionView+Config.swift */,
				E85118542407EAFD0026EB89 /* UICollectionViewCell+Config.swift */,
				E85118562407EB780026EB89 /* UITableView+Config.swift */,
				E85118582407EBF20026EB89 /* UILabel+Config.swift */,
				E851185A2407EDBC0026EB89 /* UISegment+Config.swift */,
				E851185C2407FB380026EB89 /* UIImage+Config.swift */,
			);
			path = Utils;
			sourceTree = "<group>";
		};
		E8C2CEFC23DDF30200301EE1 = {
			isa = PBXGroup;
			children = (
				E8C2CF0723DDF30200301EE1 /* DiscontBankApp */,
				E8C2CF2123DDF30500301EE1 /* DiscontBankAppTests */,
				E8A32F3E24263FB200740E33 /* DiscontBankAppUITests */,
				E8C2CF0623DDF30200301EE1 /* Products */,
			);
			sourceTree = "<group>";
		};
		E8C2CF0623DDF30200301EE1 /* Products */ = {
			isa = PBXGroup;
			children = (
				E8C2CF0523DDF30200301EE1 /* DiscontBankApp.app */,
				E8C2CF1E23DDF30500301EE1 /* DiscontBankAppTests.xctest */,
				E8A32F3D24263FB200740E33 /* DiscontBankAppUITests.xctest */,
			);
			name = Products;
			sourceTree = "<group>";
		};
		E8C2CF0723DDF30200301EE1 /* DiscontBankApp */ = {
			isa = PBXGroup;
			children = (
				E8E9AC04241BAFDF0048A95B /* DataHandling */,
				E8E9AC03241BAF5A0048A95B /* GUI */,
				E8E9AC01241BAF1F0048A95B /* Flow */,
				E8579AF5240BA4DF00DD2606 /* ViewModels */,
				E82B2B3423E191F4001AF680 /* Data */,
				E8C1568C23DEE75D004C6DDB /* Utils */,
				E8C2CF3B23DE186A00301EE1 /* Constants */,
				E8C2CF3523DE001600301EE1 /* Models */,
				E8C2CF3223DDFD3700301EE1 /* Support */,
				E8C2CF1923DDF30500301EE1 /* Info.plist */,
				E8C1569523DEF340004C6DDB /* banks.json */,
			);
			path = DiscontBankApp;
			sourceTree = "<group>";
		};
		E8C2CF2123DDF30500301EE1 /* DiscontBankAppTests */ = {
			isa = PBXGroup;
			children = (
				E8C2CF2223DDF30500301EE1 /* DiscontBankAppTests.swift */,
				E8C2CF2423DDF30500301EE1 /* Info.plist */,
				E8C70248240C622400518438 /* BankViewModelTests.swift */,
				E8C7024A240C668F00518438 /* TimeInrevalsTests.swift */,
			);
			path = DiscontBankAppTests;
			sourceTree = "<group>";
		};
		E8C2CF3123DDFD2500301EE1 /* Views */ = {
			isa = PBXGroup;
			children = (
				E82B2B1B23DF7000001AF680 /* IntradayViewController.swift */,
				E82B2B3D23E1D86E001AF680 /* LoadingViewController.swift */,
				E8579AF3240BA3FE00DD2606 /* BanksListViewController.swift */,
				E8A32F4B24267BA100740E33 /* MainSelectionViewController.swift */,
				E8A32F5124274D5800740E33 /* RootForNavViewController.swift */,
			);
			path = Views;
			sourceTree = "<group>";
		};
		E8C2CF3223DDFD3700301EE1 /* Support */ = {
			isa = PBXGroup;
			children = (
				E8C2CF0823DDF30200301EE1 /* AppDelegate.swift */,
				E8C2CF0A23DDF30200301EE1 /* SceneDelegate.swift */,
				E8C2CF1423DDF30500301EE1 /* Assets.xcassets */,
				E8C2CF1623DDF30500301EE1 /* LaunchScreen.storyboard */,
				E8C2CF1123DDF30200301EE1 /* DiscontBankApp.xcdatamodeld */,
			);
			path = Support;
			sourceTree = "<group>";
		};
		E8C2CF3523DE001600301EE1 /* Models */ = {
			isa = PBXGroup;
			children = (
				E8C2CF2D23DDF3F500301EE1 /* Bank.swift */,
				E82B2B2523E0402F001AF680 /* TimeIntervals.swift */,
				E82B2B2A23E061DB001AF680 /* TimeSerisValues.swift */,
			);
			path = Models;
			sourceTree = "<group>";
		};
		E8C2CF3623DE16C600301EE1 /* CustomViews */ = {
			isa = PBXGroup;
			children = (
				E8C2CF3923DE184200301EE1 /* DBALabel.swift */,
				E8C2CF4023DE231100301EE1 /* BankCollectionViewCell.swift */,
				E82B2B1423DF31DF001AF680 /* DBAImageView.swift */,
				E82B2B1F23DF7362001AF680 /* IntradayTableViewCell.swift */,
				E82B2B3723E197B5001AF680 /* DBAButton.swift */,
				E82B2B3B23E1C9E2001AF680 /* DBASegmentControl.swift */,
				E85118502407E6900026EB89 /* IntradayItemInfoView.swift */,
			);
			path = CustomViews;
			sourceTree = "<group>";
		};
		E8C2CF3B23DE186A00301EE1 /* Constants */ = {
			isa = PBXGroup;
			children = (
				E8C2CF3C23DE188400301EE1 /* Strings.swift */,
				E8C2CF3E23DE1AA300301EE1 /* Values.swift */,
				E851185E2407FCBA0026EB89 /* Colors.swift */,
			);
			path = Constants;
			sourceTree = "<group>";
		};
		E8E9ABFE241B9FD30048A95B /* FlowNavigators */ = {
			isa = PBXGroup;
			children = (
				E8CF1D10242A1AF1004B9E1B /* FlowCoordinatorProtocol.swift */,
			);
			path = FlowNavigators;
			sourceTree = "<group>";
		};
		E8E9AC01241BAF1F0048A95B /* Flow */ = {
			isa = PBXGroup;
			children = (
				E8E9AC02241BAF340048A95B /* FlowControllers */,
				E8E9ABFE241B9FD30048A95B /* FlowNavigators */,
			);
			path = Flow;
			sourceTree = "<group>";
		};
		E8E9AC02241BAF340048A95B /* FlowControllers */ = {
			isa = PBXGroup;
			children = (
				E8E5014E2424D368003761CC /* MainFlowController.swift */,
				E8A32F4F2426A31400740E33 /* OnboardingFlowController.swift */,
				E8A32F5324276AA800740E33 /* BanksListFlowController.swift */,
				E8CF1D0E2429F0BE004B9E1B /* SettingsFlowController.swift */,
			);
			path = FlowControllers;
			sourceTree = "<group>";
		};
		E8E9AC03241BAF5A0048A95B /* GUI */ = {
			isa = PBXGroup;
			children = (
				E8A32F362426398F00740E33 /* Settings */,
				E8A32F352426397900740E33 /* OnBoarding */,
				E8C2CF3623DE16C600301EE1 /* CustomViews */,
				E8C2CF3123DDFD2500301EE1 /* Views */,
			);
			path = GUI;
			sourceTree = "<group>";
		};
		E8E9AC04241BAFDF0048A95B /* DataHandling */ = {
			isa = PBXGroup;
			children = (
				E8C1568923DEE4DE004C6DDB /* Parsing */,
				E8B38B4523DF2B8E009B7E7E /* DataSourse */,
				E82B2B1823DF3752001AF680 /* Network */,
			);
			path = DataHandling;
			sourceTree = "<group>";
		};
/* End PBXGroup section */

/* Begin PBXNativeTarget section */
		E8A32F3C24263FB200740E33 /* DiscontBankAppUITests */ = {
			isa = PBXNativeTarget;
			buildConfigurationList = E8A32F4424263FB200740E33 /* Build configuration list for PBXNativeTarget "DiscontBankAppUITests" */;
			buildPhases = (
				E8A32F3924263FB200740E33 /* Sources */,
				E8A32F3A24263FB200740E33 /* Frameworks */,
				E8A32F3B24263FB200740E33 /* Resources */,
			);
			buildRules = (
			);
			dependencies = (
				E8A32F4324263FB200740E33 /* PBXTargetDependency */,
			);
			name = DiscontBankAppUITests;
			productName = DiscontBankAppUITests;
			productReference = E8A32F3D24263FB200740E33 /* DiscontBankAppUITests.xctest */;
			productType = "com.apple.product-type.bundle.ui-testing";
		};
		E8C2CF0423DDF30200301EE1 /* DiscontBankApp */ = {
			isa = PBXNativeTarget;
			buildConfigurationList = E8C2CF2723DDF30500301EE1 /* Build configuration list for PBXNativeTarget "DiscontBankApp" */;
			buildPhases = (
				E8C2CF0123DDF30200301EE1 /* Sources */,
				E8C2CF0223DDF30200301EE1 /* Frameworks */,
				E8C2CF0323DDF30200301EE1 /* Resources */,
			);
			buildRules = (
			);
			dependencies = (
			);
			name = DiscontBankApp;
			productName = DiscontBankApp;
			productReference = E8C2CF0523DDF30200301EE1 /* DiscontBankApp.app */;
			productType = "com.apple.product-type.application";
		};
		E8C2CF1D23DDF30500301EE1 /* DiscontBankAppTests */ = {
			isa = PBXNativeTarget;
			buildConfigurationList = E8C2CF2A23DDF30500301EE1 /* Build configuration list for PBXNativeTarget "DiscontBankAppTests" */;
			buildPhases = (
				E8C2CF1A23DDF30500301EE1 /* Sources */,
				E8C2CF1B23DDF30500301EE1 /* Frameworks */,
				E8C2CF1C23DDF30500301EE1 /* Resources */,
			);
			buildRules = (
			);
			dependencies = (
				E8C2CF2023DDF30500301EE1 /* PBXTargetDependency */,
			);
			name = DiscontBankAppTests;
			productName = DiscontBankAppTests;
			productReference = E8C2CF1E23DDF30500301EE1 /* DiscontBankAppTests.xctest */;
			productType = "com.apple.product-type.bundle.unit-test";
		};
/* End PBXNativeTarget section */

/* Begin PBXProject section */
		E8C2CEFD23DDF30200301EE1 /* Project object */ = {
			isa = PBXProject;
			attributes = {
				LastSwiftUpdateCheck = 1130;
				LastUpgradeCheck = 1130;
				ORGANIZATIONNAME = nbpApps;
				TargetAttributes = {
					E8A32F3C24263FB200740E33 = {
						CreatedOnToolsVersion = 11.3;
						TestTargetID = E8C2CF0423DDF30200301EE1;
					};
					E8C2CF0423DDF30200301EE1 = {
						CreatedOnToolsVersion = 11.3;
					};
					E8C2CF1D23DDF30500301EE1 = {
						CreatedOnToolsVersion = 11.3;
						TestTargetID = E8C2CF0423DDF30200301EE1;
					};
				};
			};
			buildConfigurationList = E8C2CF0023DDF30200301EE1 /* Build configuration list for PBXProject "DiscontBankApp" */;
			compatibilityVersion = "Xcode 9.3";
			developmentRegion = en;
			hasScannedForEncodings = 0;
			knownRegions = (
				en,
				Base,
			);
			mainGroup = E8C2CEFC23DDF30200301EE1;
			productRefGroup = E8C2CF0623DDF30200301EE1 /* Products */;
			projectDirPath = "";
			projectRoot = "";
			targets = (
				E8C2CF0423DDF30200301EE1 /* DiscontBankApp */,
				E8C2CF1D23DDF30500301EE1 /* DiscontBankAppTests */,
				E8A32F3C24263FB200740E33 /* DiscontBankAppUITests */,
			);
		};
/* End PBXProject section */

/* Begin PBXResourcesBuildPhase section */
		E8A32F3B24263FB200740E33 /* Resources */ = {
			isa = PBXResourcesBuildPhase;
			buildActionMask = 2147483647;
			files = (
			);
			runOnlyForDeploymentPostprocessing = 0;
		};
		E8C2CF0323DDF30200301EE1 /* Resources */ = {
			isa = PBXResourcesBuildPhase;
			buildActionMask = 2147483647;
			files = (
				E8C2CF1823DDF30500301EE1 /* LaunchScreen.storyboard in Resources */,
				E8C1569623DEF340004C6DDB /* banks.json in Resources */,
				E8C2CF1523DDF30500301EE1 /* Assets.xcassets in Resources */,
			);
			runOnlyForDeploymentPostprocessing = 0;
		};
		E8C2CF1C23DDF30500301EE1 /* Resources */ = {
			isa = PBXResourcesBuildPhase;
			buildActionMask = 2147483647;
			files = (
			);
			runOnlyForDeploymentPostprocessing = 0;
		};
/* End PBXResourcesBuildPhase section */

/* Begin PBXSourcesBuildPhase section */
		E8A32F3924263FB200740E33 /* Sources */ = {
			isa = PBXSourcesBuildPhase;
			buildActionMask = 2147483647;
			files = (
				E8A32F4024263FB200740E33 /* DiscontBankAppUITests.swift in Sources */,
			);
			runOnlyForDeploymentPostprocessing = 0;
		};
		E8C2CF0123DDF30200301EE1 /* Sources */ = {
			isa = PBXSourcesBuildPhase;
			buildActionMask = 2147483647;
			files = (
				E82B2B4223E1F25A001AF680 /* ImageCache.swift in Sources */,
				E851185D2407FB380026EB89 /* UIImage+Config.swift in Sources */,
				E82B2B2623E04030001AF680 /* TimeIntervals.swift in Sources */,
				E82B2B3823E197B5001AF680 /* DBAButton.swift in Sources */,
				E8C2CF3A23DE184200301EE1 /* DBALabel.swift in Sources */,
				E82B2B3623E19213001AF680 /* TimeSeriesData.swift in Sources */,
				E8C70247240C605300518438 /* BankViewModel.swift in Sources */,
				E82B2B2023DF7362001AF680 /* IntradayTableViewCell.swift in Sources */,
				E8C1568E23DEE77A004C6DDB /* UIconfig.swift in Sources */,
				E8C2CF3F23DE1AA300301EE1 /* Values.swift in Sources */,
				E8A32F3824263BE500740E33 /* OBFirstViewController.swift in Sources */,
				E8CF1D0F2429F0BE004B9E1B /* SettingsFlowController.swift in Sources */,
				E8C2CF1323DDF30200301EE1 /* DiscontBankApp.xcdatamodeld in Sources */,
				E82B2B2423E03474001AF680 /* UrlBuilder.swift in Sources */,
				E8C2CF3D23DE188400301EE1 /* Strings.swift in Sources */,
				E82B2B1523DF31DF001AF680 /* DBAImageView.swift in Sources */,
				E8A32F502426A31400740E33 /* OnboardingFlowController.swift in Sources */,
				E82B2B1C23DF7000001AF680 /* IntradayViewController.swift in Sources */,
				E8E5014F2424D368003761CC /* MainFlowController.swift in Sources */,
				E8A32F4C24267BA100740E33 /* MainSelectionViewController.swift in Sources */,
				E82B2B2F23E09448001AF680 /* DataParser.swift in Sources */,
				E85118552407EAFD0026EB89 /* UICollectionViewCell+Config.swift in Sources */,
				E82B2B2B23E061DB001AF680 /* TimeSerisValues.swift in Sources */,
				E8C2CF2E23DDF3F500301EE1 /* Bank.swift in Sources */,
				E85118572407EB780026EB89 /* UITableView+Config.swift in Sources */,
				E8A32F5224274D5800740E33 /* RootForNavViewController.swift in Sources */,
				E8C2CF0923DDF30200301EE1 /* AppDelegate.swift in Sources */,
				E8579AF4240BA3FE00DD2606 /* BanksListViewController.swift in Sources */,
				E8A32F4A24267A5F00740E33 /* SettingsViewController.swift in Sources */,
				E82B2B4023E1D9AC001AF680 /* UIViewController+Utils.swift in Sources */,
				E8C1568B23DEE4FA004C6DDB /* JsonParser.swift in Sources */,
				E8C2CF0B23DDF30200301EE1 /* SceneDelegate.swift in Sources */,
				E8A32F48242679B700740E33 /* OBSecondViewController.swift in Sources */,
				E82B2B3323E18DC5001AF680 /* String+Utils.swift in Sources */,
				E851185F2407FCBA0026EB89 /* Colors.swift in Sources */,
				E82B2B2223E02B10001AF680 /* NetworkService.swift in Sources */,
				E82B2B1723DF36EE001AF680 /* UIImageView+Utils.swift in Sources */,
				E82B2B1A23DF3766001AF680 /* DataFetch.swift in Sources */,
				E85118592407EBF20026EB89 /* UILabel+Config.swift in Sources */,
				E8C1569023DEEEE6004C6DDB /* DBAErrror.swift in Sources */,
				E8CF1D11242A1AF1004B9E1B /* FlowCoordinatorProtocol.swift in Sources */,
				E85118532407EA670026EB89 /* UICollectionView+Config.swift in Sources */,
				E8A32F4E2426994D00740E33 /* UserDefaults.swift in Sources */,
				E8A32F5424276AA800740E33 /* BanksListFlowController.swift in Sources */,
				E851185B2407EDBC0026EB89 /* UISegment+Config.swift in Sources */,
				E82B2B3C23E1C9E2001AF680 /* DBASegmentControl.swift in Sources */,
				E82B2B3E23E1D86E001AF680 /* LoadingViewController.swift in Sources */,
				E8C2CF4123DE231100301EE1 /* BankCollectionViewCell.swift in Sources */,
				E8B38B4023DEFBC6009B7E7E /* Bundle+Utils.swift in Sources */,
				E8579AF7240BA4F700DD2606 /* BanksListViewModel.swift in Sources */,
				E85118512407E6900026EB89 /* IntradayItemInfoView.swift in Sources */,
				E82B2B2D23E06C68001AF680 /* TimeSeriesDataSource.swift in Sources */,
			);
			runOnlyForDeploymentPostprocessing = 0;
		};
		E8C2CF1A23DDF30500301EE1 /* Sources */ = {
			isa = PBXSourcesBuildPhase;
			buildActionMask = 2147483647;
			files = (
				E8C2CF2323DDF30500301EE1 /* DiscontBankAppTests.swift in Sources */,
				E82B2B3023E17E5A001AF680 /* Strings.swift in Sources */,
				E8C7024B240C668F00518438 /* TimeInrevalsTests.swift in Sources */,
				E82B2B2723E04378001AF680 /* TimeIntervals.swift in Sources */,
				E8C70249240C622400518438 /* BankViewModelTests.swift in Sources */,
				E82B2B3123E17E5D001AF680 /* Values.swift in Sources */,
			);
			runOnlyForDeploymentPostprocessing = 0;
		};
/* End PBXSourcesBuildPhase section */

/* Begin PBXTargetDependency section */
		E8A32F4324263FB200740E33 /* PBXTargetDependency */ = {
			isa = PBXTargetDependency;
			target = E8C2CF0423DDF30200301EE1 /* DiscontBankApp */;
			targetProxy = E8A32F4224263FB200740E33 /* PBXContainerItemProxy */;
		};
		E8C2CF2023DDF30500301EE1 /* PBXTargetDependency */ = {
			isa = PBXTargetDependency;
			target = E8C2CF0423DDF30200301EE1 /* DiscontBankApp */;
			targetProxy = E8C2CF1F23DDF30500301EE1 /* PBXContainerItemProxy */;
		};
/* End PBXTargetDependency section */

/* Begin PBXVariantGroup section */
		E8C2CF1623DDF30500301EE1 /* LaunchScreen.storyboard */ = {
			isa = PBXVariantGroup;
			children = (
				E8C2CF1723DDF30500301EE1 /* Base */,
			);
			name = LaunchScreen.storyboard;
			sourceTree = "<group>";
		};
/* End PBXVariantGroup section */

/* Begin XCBuildConfiguration section */
		E8A32F4524263FB200740E33 /* Debug */ = {
			isa = XCBuildConfiguration;
			buildSettings = {
				CODE_SIGN_STYLE = Automatic;
				DEVELOPMENT_TEAM = FRF56FF5QD;
				INFOPLIST_FILE = DiscontBankAppUITests/Info.plist;
				LD_RUNPATH_SEARCH_PATHS = (
					"$(inherited)",
					"@executable_path/Frameworks",
					"@loader_path/Frameworks",
				);
				PRODUCT_BUNDLE_IDENTIFIER = com.nbpapps.DiscontBankAppUITests;
				PRODUCT_NAME = "$(TARGET_NAME)";
				SWIFT_VERSION = 5.0;
				TARGETED_DEVICE_FAMILY = "1,2";
				TEST_TARGET_NAME = DiscontBankApp;
			};
			name = Debug;
		};
		E8A32F4624263FB200740E33 /* Release */ = {
			isa = XCBuildConfiguration;
			buildSettings = {
				CODE_SIGN_STYLE = Automatic;
				DEVELOPMENT_TEAM = FRF56FF5QD;
				INFOPLIST_FILE = DiscontBankAppUITests/Info.plist;
				LD_RUNPATH_SEARCH_PATHS = (
					"$(inherited)",
					"@executable_path/Frameworks",
					"@loader_path/Frameworks",
				);
				PRODUCT_BUNDLE_IDENTIFIER = com.nbpapps.DiscontBankAppUITests;
				PRODUCT_NAME = "$(TARGET_NAME)";
				SWIFT_VERSION = 5.0;
				TARGETED_DEVICE_FAMILY = "1,2";
				TEST_TARGET_NAME = DiscontBankApp;
			};
			name = Release;
		};
		E8C2CF2523DDF30500301EE1 /* Debug */ = {
			isa = XCBuildConfiguration;
			buildSettings = {
				ALWAYS_SEARCH_USER_PATHS = NO;
				CLANG_ANALYZER_NONNULL = YES;
				CLANG_ANALYZER_NUMBER_OBJECT_CONVERSION = YES_AGGRESSIVE;
				CLANG_CXX_LANGUAGE_STANDARD = "gnu++14";
				CLANG_CXX_LIBRARY = "libc++";
				CLANG_ENABLE_MODULES = YES;
				CLANG_ENABLE_OBJC_ARC = YES;
				CLANG_ENABLE_OBJC_WEAK = YES;
				CLANG_WARN_BLOCK_CAPTURE_AUTORELEASING = YES;
				CLANG_WARN_BOOL_CONVERSION = YES;
				CLANG_WARN_COMMA = YES;
				CLANG_WARN_CONSTANT_CONVERSION = YES;
				CLANG_WARN_DEPRECATED_OBJC_IMPLEMENTATIONS = YES;
				CLANG_WARN_DIRECT_OBJC_ISA_USAGE = YES_ERROR;
				CLANG_WARN_DOCUMENTATION_COMMENTS = YES;
				CLANG_WARN_EMPTY_BODY = YES;
				CLANG_WARN_ENUM_CONVERSION = YES;
				CLANG_WARN_INFINITE_RECURSION = YES;
				CLANG_WARN_INT_CONVERSION = YES;
				CLANG_WARN_NON_LITERAL_NULL_CONVERSION = YES;
				CLANG_WARN_OBJC_IMPLICIT_RETAIN_SELF = YES;
				CLANG_WARN_OBJC_LITERAL_CONVERSION = YES;
				CLANG_WARN_OBJC_ROOT_CLASS = YES_ERROR;
				CLANG_WARN_RANGE_LOOP_ANALYSIS = YES;
				CLANG_WARN_STRICT_PROTOTYPES = YES;
				CLANG_WARN_SUSPICIOUS_MOVE = YES;
				CLANG_WARN_UNGUARDED_AVAILABILITY = YES_AGGRESSIVE;
				CLANG_WARN_UNREACHABLE_CODE = YES;
				CLANG_WARN__DUPLICATE_METHOD_MATCH = YES;
				COPY_PHASE_STRIP = NO;
				DEBUG_INFORMATION_FORMAT = dwarf;
				ENABLE_STRICT_OBJC_MSGSEND = YES;
				ENABLE_TESTABILITY = YES;
				GCC_C_LANGUAGE_STANDARD = gnu11;
				GCC_DYNAMIC_NO_PIC = NO;
				GCC_NO_COMMON_BLOCKS = YES;
				GCC_OPTIMIZATION_LEVEL = 0;
				GCC_PREPROCESSOR_DEFINITIONS = (
					"DEBUG=1",
					"$(inherited)",
				);
				GCC_WARN_64_TO_32_BIT_CONVERSION = YES;
				GCC_WARN_ABOUT_RETURN_TYPE = YES_ERROR;
				GCC_WARN_UNDECLARED_SELECTOR = YES;
				GCC_WARN_UNINITIALIZED_AUTOS = YES_AGGRESSIVE;
				GCC_WARN_UNUSED_FUNCTION = YES;
				GCC_WARN_UNUSED_VARIABLE = YES;
				IPHONEOS_DEPLOYMENT_TARGET = 13.2;
				MTL_ENABLE_DEBUG_INFO = INCLUDE_SOURCE;
				MTL_FAST_MATH = YES;
				ONLY_ACTIVE_ARCH = YES;
				SDKROOT = iphoneos;
				SWIFT_ACTIVE_COMPILATION_CONDITIONS = DEBUG;
				SWIFT_OPTIMIZATION_LEVEL = "-Onone";
			};
			name = Debug;
		};
		E8C2CF2623DDF30500301EE1 /* Release */ = {
			isa = XCBuildConfiguration;
			buildSettings = {
				ALWAYS_SEARCH_USER_PATHS = NO;
				CLANG_ANALYZER_NONNULL = YES;
				CLANG_ANALYZER_NUMBER_OBJECT_CONVERSION = YES_AGGRESSIVE;
				CLANG_CXX_LANGUAGE_STANDARD = "gnu++14";
				CLANG_CXX_LIBRARY = "libc++";
				CLANG_ENABLE_MODULES = YES;
				CLANG_ENABLE_OBJC_ARC = YES;
				CLANG_ENABLE_OBJC_WEAK = YES;
				CLANG_WARN_BLOCK_CAPTURE_AUTORELEASING = YES;
				CLANG_WARN_BOOL_CONVERSION = YES;
				CLANG_WARN_COMMA = YES;
				CLANG_WARN_CONSTANT_CONVERSION = YES;
				CLANG_WARN_DEPRECATED_OBJC_IMPLEMENTATIONS = YES;
				CLANG_WARN_DIRECT_OBJC_ISA_USAGE = YES_ERROR;
				CLANG_WARN_DOCUMENTATION_COMMENTS = YES;
				CLANG_WARN_EMPTY_BODY = YES;
				CLANG_WARN_ENUM_CONVERSION = YES;
				CLANG_WARN_INFINITE_RECURSION = YES;
				CLANG_WARN_INT_CONVERSION = YES;
				CLANG_WARN_NON_LITERAL_NULL_CONVERSION = YES;
				CLANG_WARN_OBJC_IMPLICIT_RETAIN_SELF = YES;
				CLANG_WARN_OBJC_LITERAL_CONVERSION = YES;
				CLANG_WARN_OBJC_ROOT_CLASS = YES_ERROR;
				CLANG_WARN_RANGE_LOOP_ANALYSIS = YES;
				CLANG_WARN_STRICT_PROTOTYPES = YES;
				CLANG_WARN_SUSPICIOUS_MOVE = YES;
				CLANG_WARN_UNGUARDED_AVAILABILITY = YES_AGGRESSIVE;
				CLANG_WARN_UNREACHABLE_CODE = YES;
				CLANG_WARN__DUPLICATE_METHOD_MATCH = YES;
				COPY_PHASE_STRIP = NO;
				DEBUG_INFORMATION_FORMAT = "dwarf-with-dsym";
				ENABLE_NS_ASSERTIONS = NO;
				ENABLE_STRICT_OBJC_MSGSEND = YES;
				GCC_C_LANGUAGE_STANDARD = gnu11;
				GCC_NO_COMMON_BLOCKS = YES;
				GCC_WARN_64_TO_32_BIT_CONVERSION = YES;
				GCC_WARN_ABOUT_RETURN_TYPE = YES_ERROR;
				GCC_WARN_UNDECLARED_SELECTOR = YES;
				GCC_WARN_UNINITIALIZED_AUTOS = YES_AGGRESSIVE;
				GCC_WARN_UNUSED_FUNCTION = YES;
				GCC_WARN_UNUSED_VARIABLE = YES;
				IPHONEOS_DEPLOYMENT_TARGET = 13.2;
				MTL_ENABLE_DEBUG_INFO = NO;
				MTL_FAST_MATH = YES;
				SDKROOT = iphoneos;
				SWIFT_COMPILATION_MODE = wholemodule;
				SWIFT_OPTIMIZATION_LEVEL = "-O";
				VALIDATE_PRODUCT = YES;
			};
			name = Release;
		};
		E8C2CF2823DDF30500301EE1 /* Debug */ = {
			isa = XCBuildConfiguration;
			buildSettings = {
				ASSETCATALOG_COMPILER_APPICON_NAME = AppIcon;
				CODE_SIGN_STYLE = Automatic;
				DEVELOPMENT_TEAM = FRF56FF5QD;
				INFOPLIST_FILE = DiscontBankApp/Info.plist;
				LD_RUNPATH_SEARCH_PATHS = (
					"$(inherited)",
					"@executable_path/Frameworks",
				);
				PRODUCT_BUNDLE_IDENTIFIER = com.nbpapps.DiscontBankApp;
				PRODUCT_NAME = "$(TARGET_NAME)";
				SWIFT_VERSION = 5.0;
				TARGETED_DEVICE_FAMILY = "1,2";
			};
			name = Debug;
		};
		E8C2CF2923DDF30500301EE1 /* Release */ = {
			isa = XCBuildConfiguration;
			buildSettings = {
				ASSETCATALOG_COMPILER_APPICON_NAME = AppIcon;
				CODE_SIGN_STYLE = Automatic;
				DEVELOPMENT_TEAM = FRF56FF5QD;
				INFOPLIST_FILE = DiscontBankApp/Info.plist;
				LD_RUNPATH_SEARCH_PATHS = (
					"$(inherited)",
					"@executable_path/Frameworks",
				);
				PRODUCT_BUNDLE_IDENTIFIER = com.nbpapps.DiscontBankApp;
				PRODUCT_NAME = "$(TARGET_NAME)";
				SWIFT_VERSION = 5.0;
				TARGETED_DEVICE_FAMILY = "1,2";
			};
			name = Release;
		};
		E8C2CF2B23DDF30500301EE1 /* Debug */ = {
			isa = XCBuildConfiguration;
			buildSettings = {
				ALWAYS_EMBED_SWIFT_STANDARD_LIBRARIES = YES;
				BUNDLE_LOADER = "$(TEST_HOST)";
				CODE_SIGN_STYLE = Automatic;
				DEVELOPMENT_TEAM = FRF56FF5QD;
				INFOPLIST_FILE = DiscontBankAppTests/Info.plist;
				IPHONEOS_DEPLOYMENT_TARGET = 13.2;
				LD_RUNPATH_SEARCH_PATHS = (
					"$(inherited)",
					"@executable_path/Frameworks",
					"@loader_path/Frameworks",
				);
				PRODUCT_BUNDLE_IDENTIFIER = com.nbpapps.DiscontBankAppTests;
				PRODUCT_NAME = "$(TARGET_NAME)";
				SWIFT_VERSION = 5.0;
				TARGETED_DEVICE_FAMILY = "1,2";
				TEST_HOST = "$(BUILT_PRODUCTS_DIR)/DiscontBankApp.app/DiscontBankApp";
			};
			name = Debug;
		};
		E8C2CF2C23DDF30500301EE1 /* Release */ = {
			isa = XCBuildConfiguration;
			buildSettings = {
				ALWAYS_EMBED_SWIFT_STANDARD_LIBRARIES = YES;
				BUNDLE_LOADER = "$(TEST_HOST)";
				CODE_SIGN_STYLE = Automatic;
				DEVELOPMENT_TEAM = FRF56FF5QD;
				INFOPLIST_FILE = DiscontBankAppTests/Info.plist;
				IPHONEOS_DEPLOYMENT_TARGET = 13.2;
				LD_RUNPATH_SEARCH_PATHS = (
					"$(inherited)",
					"@executable_path/Frameworks",
					"@loader_path/Frameworks",
				);
				PRODUCT_BUNDLE_IDENTIFIER = com.nbpapps.DiscontBankAppTests;
				PRODUCT_NAME = "$(TARGET_NAME)";
				SWIFT_VERSION = 5.0;
				TARGETED_DEVICE_FAMILY = "1,2";
				TEST_HOST = "$(BUILT_PRODUCTS_DIR)/DiscontBankApp.app/DiscontBankApp";
			};
			name = Release;
		};
/* End XCBuildConfiguration section */

/* Begin XCConfigurationList section */
		E8A32F4424263FB200740E33 /* Build configuration list for PBXNativeTarget "DiscontBankAppUITests" */ = {
			isa = XCConfigurationList;
			buildConfigurations = (
				E8A32F4524263FB200740E33 /* Debug */,
				E8A32F4624263FB200740E33 /* Release */,
			);
			defaultConfigurationIsVisible = 0;
			defaultConfigurationName = Release;
		};
		E8C2CF0023DDF30200301EE1 /* Build configuration list for PBXProject "DiscontBankApp" */ = {
			isa = XCConfigurationList;
			buildConfigurations = (
				E8C2CF2523DDF30500301EE1 /* Debug */,
				E8C2CF2623DDF30500301EE1 /* Release */,
			);
			defaultConfigurationIsVisible = 0;
			defaultConfigurationName = Release;
		};
		E8C2CF2723DDF30500301EE1 /* Build configuration list for PBXNativeTarget "DiscontBankApp" */ = {
			isa = XCConfigurationList;
			buildConfigurations = (
				E8C2CF2823DDF30500301EE1 /* Debug */,
				E8C2CF2923DDF30500301EE1 /* Release */,
			);
			defaultConfigurationIsVisible = 0;
			defaultConfigurationName = Release;
		};
		E8C2CF2A23DDF30500301EE1 /* Build configuration list for PBXNativeTarget "DiscontBankAppTests" */ = {
			isa = XCConfigurationList;
			buildConfigurations = (
				E8C2CF2B23DDF30500301EE1 /* Debug */,
				E8C2CF2C23DDF30500301EE1 /* Release */,
			);
			defaultConfigurationIsVisible = 0;
			defaultConfigurationName = Release;
		};
/* End XCConfigurationList section */

/* Begin XCVersionGroup section */
		E8C2CF1123DDF30200301EE1 /* DiscontBankApp.xcdatamodeld */ = {
			isa = XCVersionGroup;
			children = (
				E8C2CF1223DDF30200301EE1 /* DiscontBankApp.xcdatamodel */,
			);
			currentVersion = E8C2CF1223DDF30200301EE1 /* DiscontBankApp.xcdatamodel */;
			path = DiscontBankApp.xcdatamodeld;
			sourceTree = "<group>";
			versionGroupType = wrapper.xcdatamodel;
		};
/* End XCVersionGroup section */
	};
	rootObject = E8C2CEFD23DDF30200301EE1 /* Project object */;
}
